
Microsoft Visual Studio Solution File, Format Version 12.00
# Visual Studio Version 17
VisualStudioVersion = 17.10.35013.160
MinimumVisualStudioVersion = 10.0.40219.1
Project("{FAE04EC0-301F-11D3-BF4B-00C04F79EFBC}") = "CryptoWalletApi", "CryptoWalletApi\CryptoWalletApi.csproj", "{B74F7DBF-9641-4E7C-A892-9D82339DB165}"
EndProject
Global
	GlobalSection(SolutionConfigurationPlatforms) = preSolution
		Debug|Any CPU = Debug|Any CPU
		Release|Any CPU = Release|Any CPU
	EndGlobalSection
	GlobalSection(ProjectConfigurationPlatforms) = postSolution
		{B74F7DBF-9641-4E7C-A892-9D82339DB165}.Debug|Any CPU.ActiveCfg = Debug|Any CPU
		{B74F7DBF-9641-4E7C-A892-9D82339DB165}.Debug|Any CPU.Build.0 = Debug|Any CPU
		{B74F7DBF-9641-4E7C-A892-9D82339DB165}.Release|Any CPU.ActiveCfg = Release|Any CPU
		{B74F7DBF-9641-4E7C-A892-9D82339DB165}.Release|Any CPU.Build.0 = Release|Any CPU
	EndGlobalSection
	GlobalSection(SolutionProperties) = preSolution
		HideSolutionNode = FALSE
	EndGlobalSection
	GlobalSection(ExtensibilityGlobals) = postSolution
		SolutionGuid = {A015F06D-D6C4-4F6D-AC64-59C1A2E2DD64}
	EndGlobalSection
EndGlobal
